
Microsoft Visual Studio Solution File, Format Version 12.00
# Visual Studio Version 17
VisualStudioVersion = 17.8.34322.80
MinimumVisualStudioVersion = 10.0.40219.1
Project("{FAE04EC0-301F-11D3-BF4B-00C04F79EFBC}") = "MultiPlatform", "MultiPlatform.csproj", "{0313E9A6-129A-4603-ABDA-C7102D623CCA}"
EndProject
Global
	GlobalSection(SolutionConfigurationPlatforms) = preSolution
		Debug|Any CPU = Debug|Any CPU
		Release|Any CPU = Release|Any CPU
	EndGlobalSection
	GlobalSection(ProjectConfigurationPlatforms) = postSolution
		{0313E9A6-129A-4603-ABDA-C7102D623CCA}.Debug|Any CPU.ActiveCfg = Debug|Any CPU
		{0313E9A6-129A-4603-ABDA-C7102D623CCA}.Debug|Any CPU.Build.0 = Debug|Any CPU
		{0313E9A6-129A-4603-ABDA-C7102D623CCA}.Debug|Any CPU.Deploy.0 = Debug|Any CPU
		{0313E9A6-129A-4603-ABDA-C7102D623CCA}.Release|Any CPU.ActiveCfg = Release|Any CPU
		{0313E9A6-129A-4603-ABDA-C7102D623CCA}.Release|Any CPU.Build.0 = Release|Any CPU
		{0313E9A6-129A-4603-ABDA-C7102D623CCA}.Release|Any CPU.Deploy.0 = Release|Any CPU
	EndGlobalSection
	GlobalSection(SolutionProperties) = preSolution
		HideSolutionNode = FALSE
	EndGlobalSection
	GlobalSection(ExtensibilityGlobals) = postSolution
		SolutionGuid = {EA6E5D03-1AA6-4BB8-B22B-64E197F73AF0}
	EndGlobalSection
EndGlobal
